
Microsoft Visual Studio Solution File, Format Version 12.00
# Visual Studio Version 17
VisualStudioVersion = 17.4.33110.190
MinimumVisualStudioVersion = 10.0.40219.1
Project("{FAE04EC0-301F-11D3-BF4B-00C04F79EFBC}") = "csharp-mini-netflix", "csharp-mini-netflix\csharp-mini-netflix.csproj", "{19279999-CFB2-4485-B51B-B08F9AA8F571}"
EndProject
Global
	GlobalSection(SolutionConfigurationPlatforms) = preSolution
		Debug|Any CPU = Debug|Any CPU
		Release|Any CPU = Release|Any CPU
	EndGlobalSection
	GlobalSection(ProjectConfigurationPlatforms) = postSolution
		{19279999-CFB2-4485-B51B-B08F9AA8F571}.Debug|Any CPU.ActiveCfg = Debug|Any CPU
		{19279999-CFB2-4485-B51B-B08F9AA8F571}.Debug|Any CPU.Build.0 = Debug|Any CPU
		{19279999-CFB2-4485-B51B-B08F9AA8F571}.Release|Any CPU.ActiveCfg = Release|Any CPU
		{19279999-CFB2-4485-B51B-B08F9AA8F571}.Release|Any CPU.Build.0 = Release|Any CPU
	EndGlobalSection
	GlobalSection(SolutionProperties) = preSolution
		HideSolutionNode = FALSE
	EndGlobalSection
	GlobalSection(ExtensibilityGlobals) = postSolution
		SolutionGuid = {013F364D-B6FE-44AB-8DA1-A69FA67C54A7}
	EndGlobalSection
EndGlobal
